// !$*UTF8*$!
{
	archiveVersion = 1;
	classes = {
	};
	objectVersion = 46;
	objects = {

/* Begin PBXBuildFile section */
		16DD0CDD1AB47D7A00B6139D /* main.m in Sources */ = {isa = PBXBuildFile; fileRef = 16DD0CDC1AB47D7A00B6139D /* main.m */; };
		16DD0CE01AB47D7A00B6139D /* AppDelegate.m in Sources */ = {isa = PBXBuildFile; fileRef = 16DD0CDF1AB47D7A00B6139D /* AppDelegate.m */; };
		16DD0CE31AB47D7A00B6139D /* ViewController.m in Sources */ = {isa = PBXBuildFile; fileRef = 16DD0CE21AB47D7A00B6139D /* ViewController.m */; };
		16DD0CE61AB47D7A00B6139D /* Main.storyboard in Resources */ = {isa = PBXBuildFile; fileRef = 16DD0CE41AB47D7A00B6139D /* Main.storyboard */; };
		16DD0CE81AB47D7A00B6139D /* Images.xcassets in Resources */ = {isa = PBXBuildFile; fileRef = 16DD0CE71AB47D7A00B6139D /* Images.xcassets */; };
		16DD0CEB1AB47D7A00B6139D /* LaunchScreen.xib in Resources */ = {isa = PBXBuildFile; fileRef = 16DD0CE91AB47D7A00B6139D /* LaunchScreen.xib */; };
		16DD0CF71AB47D7A00B6139D /* QuizTests.m in Sources */ = {isa = PBXBuildFile; fileRef = 16DD0CF61AB47D7A00B6139D /* QuizTests.m */; };
		16DD0D031AB47E5B00B6139D /* QuizViewController.m in Sources */ = {isa = PBXBuildFile; fileRef = 16DD0D011AB47E5B00B6139D /* QuizViewController.m */; };
		16DD0D041AB47E5B00B6139D /* QuizViewController.xib in Resources */ = {isa = PBXBuildFile; fileRef = 16DD0D021AB47E5B00B6139D /* QuizViewController.xib */; };
/* End PBXBuildFile section */

/* Begin PBXContainerItemProxy section */
		16DD0CF11AB47D7A00B6139D /* PBXContainerItemProxy */ = {
			isa = PBXContainerItemProxy;
			containerPortal = 16DD0CCF1AB47D7A00B6139D /* Project object */;
			proxyType = 1;
			remoteGlobalIDString = 16DD0CD61AB47D7A00B6139D;
			remoteInfo = Quiz;
		};
/* End PBXContainerItemProxy section */

/* Begin PBXFileReference section */
		16DD0CD71AB47D7A00B6139D /* Quiz.app */ = {isa = PBXFileReference; explicitFileType = wrapper.application; includeInIndex = 0; path = Quiz.app; sourceTree = BUILT_PRODUCTS_DIR; };
		16DD0CDB1AB47D7A00B6139D /* Info.plist */ = {isa = PBXFileReference; lastKnownFileType = text.plist.xml; path = Info.plist; sourceTree = "<group>"; };
		16DD0CDC1AB47D7A00B6139D /* main.m */ = {isa = PBXFileReference; lastKnownFileType = sourcecode.c.objc; path = main.m; sourceTree = "<group>"; };
		16DD0CDE1AB47D7A00B6139D /* AppDelegate.h */ = {isa = PBXFileReference; lastKnownFileType = sourcecode.c.h; path = AppDelegate.h; sourceTree = "<group>"; };
		16DD0CDF1AB47D7A00B6139D /* AppDelegate.m */ = {isa = PBXFileReference; lastKnownFileType = sourcecode.c.objc; path = AppDelegate.m; sourceTree = "<group>"; };
		16DD0CE11AB47D7A00B6139D /* ViewController.h */ = {isa = PBXFileReference; lastKnownFileType = sourcecode.c.h; path = ViewController.h; sourceTree = "<group>"; };
		16DD0CE21AB47D7A00B6139D /* ViewController.m */ = {isa = PBXFileReference; lastKnownFileType = sourcecode.c.objc; path = ViewController.m; sourceTree = "<group>"; };
		16DD0CE51AB47D7A00B6139D /* Base */ = {isa = PBXFileReference; lastKnownFileType = file.storyboard; name = Base; path = Base.lproj/Main.storyboard; sourceTree = "<group>"; };
		16DD0CE71AB47D7A00B6139D /* Images.xcassets */ = {isa = PBXFileReference; lastKnownFileType = folder.assetcatalog; path = Images.xcassets; sourceTree = "<group>"; };
		16DD0CEA1AB47D7A00B6139D /* Base */ = {isa = PBXFileReference; lastKnownFileType = file.xib; name = Base; path = Base.lproj/LaunchScreen.xib; sourceTree = "<group>"; };
		16DD0CF01AB47D7A00B6139D /* QuizTests.xctest */ = {isa = PBXFileReference; explicitFileType = wrapper.cfbundle; includeInIndex = 0; path = QuizTests.xctest; sourceTree = BUILT_PRODUCTS_DIR; };
		16DD0CF51AB47D7A00B6139D /* Info.plist */ = {isa = PBXFileReference; lastKnownFileType = text.plist.xml; path = Info.plist; sourceTree = "<group>"; };
		16DD0CF61AB47D7A00B6139D /* QuizTests.m */ = {isa = PBXFileReference; lastKnownFileType = sourcecode.c.objc; path = QuizTests.m; sourceTree = "<group>"; };
		16DD0D001AB47E5B00B6139D /* QuizViewController.h */ = {isa = PBXFileReference; fileEncoding = 4; lastKnownFileType = sourcecode.c.h; path = QuizViewController.h; sourceTree = "<group>"; };
		16DD0D011AB47E5B00B6139D /* QuizViewController.m */ = {isa = PBXFileReference; fileEncoding = 4; lastKnownFileType = sourcecode.c.objc; path = QuizViewController.m; sourceTree = "<group>"; };
		16DD0D021AB47E5B00B6139D /* QuizViewController.xib */ = {isa = PBXFileReference; fileEncoding = 4; lastKnownFileType = file.xib; path = QuizViewController.xib; sourceTree = "<group>"; };
/* End PBXFileReference section */

/* Begin PBXFrameworksBuildPhase section */
		16DD0CD41AB47D7A00B6139D /* Frameworks */ = {
			isa = PBXFrameworksBuildPhase;
			buildActionMask = 2147483647;
			files = (
			);
			runOnlyForDeploymentPostprocessing = 0;
		};
		16DD0CED1AB47D7A00B6139D /* Frameworks */ = {
			isa = PBXFrameworksBuildPhase;
			buildActionMask = 2147483647;
			files = (
			);
			runOnlyForDeploymentPostprocessing = 0;
		};
/* End PBXFrameworksBuildPhase section */

/* Begin PBXGroup section */
		16DD0CCE1AB47D7A00B6139D = {
			isa = PBXGroup;
			children = (
				16DD0D001AB47E5B00B6139D /* QuizViewController.h */,
				16DD0D011AB47E5B00B6139D /* QuizViewController.m */,
				16DD0D021AB47E5B00B6139D /* QuizViewController.xib */,
				16DD0CD91AB47D7A00B6139D /* Quiz */,
				16DD0CF31AB47D7A00B6139D /* QuizTests */,
				16DD0CD81AB47D7A00B6139D /* Products */,
			);
			sourceTree = "<group>";
		};
		16DD0CD81AB47D7A00B6139D /* Products */ = {
			isa = PBXGroup;
			children = (
				16DD0CD71AB47D7A00B6139D /* Quiz.app */,
				16DD0CF01AB47D7A00B6139D /* QuizTests.xctest */,
			);
			name = Products;
			sourceTree = "<group>";
		};
		16DD0CD91AB47D7A00B6139D /* Quiz */ = {
			isa = PBXGroup;
			children = (
				16DD0CDE1AB47D7A00B6139D /* AppDelegate.h */,
				16DD0CDF1AB47D7A00B6139D /* AppDelegate.m */,
				16DD0CE11AB47D7A00B6139D /* ViewController.h */,
				16DD0CE21AB47D7A00B6139D /* ViewController.m */,
				16DD0CE41AB47D7A00B6139D /* Main.storyboard */,
				16DD0CE71AB47D7A00B6139D /* Images.xcassets */,
				16DD0CE91AB47D7A00B6139D /* LaunchScreen.xib */,
				16DD0CDA1AB47D7A00B6139D /* Supporting Files */,
			);
			path = Quiz;
			sourceTree = "<group>";
		};
		16DD0CDA1AB47D7A00B6139D /* Supporting Files */ = {
			isa = PBXGroup;
			children = (
				16DD0CDB1AB47D7A00B6139D /* Info.plist */,
				16DD0CDC1AB47D7A00B6139D /* main.m */,
			);
			name = "Supporting Files";
			sourceTree = "<group>";
		};
		16DD0CF31AB47D7A00B6139D /* QuizTests */ = {
			isa = PBXGroup;
			children = (
				16DD0CF61AB47D7A00B6139D /* QuizTests.m */,
				16DD0CF41AB47D7A00B6139D /* Supporting Files */,
			);
			path = QuizTests;
			sourceTree = "<group>";
		};
		16DD0CF41AB47D7A00B6139D /* Supporting Files */ = {
			isa = PBXGroup;
			children = (
				16DD0CF51AB47D7A00B6139D /* Info.plist */,
			);
			name = "Supporting Files";
			sourceTree = "<group>";
		};
/* End PBXGroup section */

/* Begin PBXNativeTarget section */
		16DD0CD61AB47D7A00B6139D /* Quiz */ = {
			isa = PBXNativeTarget;
			buildConfigurationList = 16DD0CFA1AB47D7A00B6139D /* Build configuration list for PBXNativeTarget "Quiz" */;
			buildPhases = (
				16DD0CD31AB47D7A00B6139D /* Sources */,
				16DD0CD41AB47D7A00B6139D /* Frameworks */,
				16DD0CD51AB47D7A00B6139D /* Resources */,
			);
			buildRules = (
			);
			dependencies = (
			);
			name = Quiz;
			productName = Quiz;
			productReference = 16DD0CD71AB47D7A00B6139D /* Quiz.app */;
			productType = "com.apple.product-type.application";
		};
		16DD0CEF1AB47D7A00B6139D /* QuizTests */ = {
			isa = PBXNativeTarget;
			buildConfigurationList = 16DD0CFD1AB47D7A00B6139D /* Build configuration list for PBXNativeTarget "QuizTests" */;
			buildPhases = (
				16DD0CEC1AB47D7A00B6139D /* Sources */,
				16DD0CED1AB47D7A00B6139D /* Frameworks */,
				16DD0CEE1AB47D7A00B6139D /* Resources */,
			);
			buildRules = (
			);
			dependencies = (
				16DD0CF21AB47D7A00B6139D /* PBXTargetDependency */,
			);
			name = QuizTests;
			productName = QuizTests;
			productReference = 16DD0CF01AB47D7A00B6139D /* QuizTests.xctest */;
			productType = "com.apple.product-type.bundle.unit-test";
		};
/* End PBXNativeTarget section */

/* Begin PBXProject section */
		16DD0CCF1AB47D7A00B6139D /* Project object */ = {
			isa = PBXProject;
			attributes = {
				LastUpgradeCheck = 0620;
				ORGANIZATIONNAME = "Slacker Tools";
				TargetAttributes = {
					16DD0CD61AB47D7A00B6139D = {
						CreatedOnToolsVersion = 6.2;
						DevelopmentTeam = M873X5AQJY;
					};
					16DD0CEF1AB47D7A00B6139D = {
						CreatedOnToolsVersion = 6.2;
						DevelopmentTeam = M873X5AQJY;
						TestTargetID = 16DD0CD61AB47D7A00B6139D;
					};
				};
			};
			buildConfigurationList = 16DD0CD21AB47D7A00B6139D /* Build configuration list for PBXProject "Quiz" */;
			compatibilityVersion = "Xcode 3.2";
			developmentRegion = English;
			hasScannedForEncodings = 0;
			knownRegions = (
				en,
				Base,
			);
			mainGroup = 16DD0CCE1AB47D7A00B6139D;
			productRefGroup = 16DD0CD81AB47D7A00B6139D /* Products */;
			projectDirPath = "";
			projectRoot = "";
			targets = (
				16DD0CD61AB47D7A00B6139D /* Quiz */,
				16DD0CEF1AB47D7A00B6139D /* QuizTests */,
			);
		};
/* End PBXProject section */

/* Begin PBXResourcesBuildPhase section */
		16DD0CD51AB47D7A00B6139D /* Resources */ = {
			isa = PBXResourcesBuildPhase;
			buildActionMask = 2147483647;
			files = (
				16DD0CE61AB47D7A00B6139D /* Main.storyboard in Resources */,
				16DD0CEB1AB47D7A00B6139D /* LaunchScreen.xib in Resources */,
				16DD0CE81AB47D7A00B6139D /* Images.xcassets in Resources */,
				16DD0D041AB47E5B00B6139D /* QuizViewController.xib in Resources */,
			);
			runOnlyForDeploymentPostprocessing = 0;
		};
		16DD0CEE1AB47D7A00B6139D /* Resources */ = {
			isa = PBXResourcesBuildPhase;
			buildActionMask = 2147483647;
			files = (
			);
			runOnlyForDeploymentPostprocessing = 0;
		};
/* End PBXResourcesBuildPhase section */

/* Begin PBXSourcesBuildPhase section */
		16DD0CD31AB47D7A00B6139D /* Sources */ = {
			isa = PBXSourcesBuildPhase;
			buildActionMask = 2147483647;
			files = (
				16DD0CE31AB47D7A00B6139D /* ViewController.m in Sources */,
				16DD0CE01AB47D7A00B6139D /* AppDelegate.m in Sources */,
				16DD0CDD1AB47D7A00B6139D /* main.m in Sources */,
				16DD0D031AB47E5B00B6139D /* QuizViewController.m in Sources */,
			);
			runOnlyForDeploymentPostprocessing = 0;
		};
		16DD0CEC1AB47D7A00B6139D /* Sources */ = {
			isa = PBXSourcesBuildPhase;
			buildActionMask = 2147483647;
			files = (
				16DD0CF71AB47D7A00B6139D /* QuizTests.m in Sources */,
			);
			runOnlyForDeploymentPostprocessing = 0;
		};
/* End PBXSourcesBuildPhase section */

/* Begin PBXTargetDependency section */
		16DD0CF21AB47D7A00B6139D /* PBXTargetDependency */ = {
			isa = PBXTargetDependency;
			target = 16DD0CD61AB47D7A00B6139D /* Quiz */;
			targetProxy = 16DD0CF11AB47D7A00B6139D /* PBXContainerItemProxy */;
		};
/* End PBXTargetDependency section */

/* Begin PBXVariantGroup section */
		16DD0CE41AB47D7A00B6139D /* Main.storyboard */ = {
			isa = PBXVariantGroup;
			children = (
				16DD0CE51AB47D7A00B6139D /* Base */,
			);
			name = Main.storyboard;
			sourceTree = "<group>";
		};
		16DD0CE91AB47D7A00B6139D /* LaunchScreen.xib */ = {
			isa = PBXVariantGroup;
			children = (
				16DD0CEA1AB47D7A00B6139D /* Base */,
			);
			name = LaunchScreen.xib;
			sourceTree = "<group>";
		};
/* End PBXVariantGroup section */

/* Begin XCBuildConfiguration section */
		16DD0CF81AB47D7A00B6139D /* Debug */ = {
			isa = XCBuildConfiguration;
			buildSettings = {
				ALWAYS_SEARCH_USER_PATHS = NO;
				CLANG_CXX_LANGUAGE_STANDARD = "gnu++0x";
				CLANG_CXX_LIBRARY = "libc++";
				CLANG_ENABLE_MODULES = YES;
				CLANG_ENABLE_OBJC_ARC = YES;
				CLANG_WARN_BOOL_CONVERSION = YES;
				CLANG_WARN_CONSTANT_CONVERSION = YES;
				CLANG_WARN_DIRECT_OBJC_ISA_USAGE = YES_ERROR;
				CLANG_WARN_EMPTY_BODY = YES;
				CLANG_WARN_ENUM_CONVERSION = YES;
				CLANG_WARN_INT_CONVERSION = YES;
				CLANG_WARN_OBJC_ROOT_CLASS = YES_ERROR;
				CLANG_WARN_UNREACHABLE_CODE = YES;
				CLANG_WARN__DUPLICATE_METHOD_MATCH = YES;
				"CODE_SIGN_IDENTITY[sdk=iphoneos*]" = "iPhone Developer";
				COPY_PHASE_STRIP = NO;
				ENABLE_STRICT_OBJC_MSGSEND = YES;
				GCC_C_LANGUAGE_STANDARD = gnu99;
				GCC_DYNAMIC_NO_PIC = NO;
				GCC_OPTIMIZATION_LEVEL = 0;
				GCC_PREPROCESSOR_DEFINITIONS = (
					"DEBUG=1",
					"$(inherited)",
				);
				GCC_SYMBOLS_PRIVATE_EXTERN = NO;
				GCC_WARN_64_TO_32_BIT_CONVERSION = YES;
				GCC_WARN_ABOUT_RETURN_TYPE = YES_ERROR;
				GCC_WARN_UNDECLARED_SELECTOR = YES;
				GCC_WARN_UNINITIALIZED_AUTOS = YES_AGGRESSIVE;
				GCC_WARN_UNUSED_FUNCTION = YES;
				GCC_WARN_UNUSED_VARIABLE = YES;
				IPHONEOS_DEPLOYMENT_TARGET = 8.2;
				MTL_ENABLE_DEBUG_INFO = YES;
				ONLY_ACTIVE_ARCH = YES;
				SDKROOT = iphoneos;
				TARGETED_DEVICE_FAMILY = "1,2";
			};
			name = Debug;
		};
		16DD0CF91AB47D7A00B6139D /* Release */ = {
			isa = XCBuildConfiguration;
			buildSettings = {
				ALWAYS_SEARCH_USER_PATHS = NO;
				CLANG_CXX_LANGUAGE_STANDARD = "gnu++0x";
				CLANG_CXX_LIBRARY = "libc++";
				CLANG_ENABLE_MODULES = YES;
				CLANG_ENABLE_OBJC_ARC = YES;
				CLANG_WARN_BOOL_CONVERSION = YES;
				CLANG_WARN_CONSTANT_CONVERSION = YES;
				CLANG_WARN_DIRECT_OBJC_ISA_USAGE = YES_ERROR;
				CLANG_WARN_EMPTY_BODY = YES;
				CLANG_WARN_ENUM_CONVERSION = YES;
				CLANG_WARN_INT_CONVERSION = YES;
				CLANG_WARN_OBJC_ROOT_CLASS = YES_ERROR;
				CLANG_WARN_UNREACHABLE_CODE = YES;
				CLANG_WARN__DUPLICATE_METHOD_MATCH = YES;
				"CODE_SIGN_IDENTITY[sdk=iphoneos*]" = "iPhone Developer";
				COPY_PHASE_STRIP = NO;
				ENABLE_NS_ASSERTIONS = NO;
				ENABLE_STRICT_OBJC_MSGSEND = YES;
				GCC_C_LANGUAGE_STANDARD = gnu99;
				GCC_WARN_64_TO_32_BIT_CONVERSION = YES;
				GCC_WARN_ABOUT_RETURN_TYPE = YES_ERROR;
				GCC_WARN_UNDECLARED_SELECTOR = YES;
				GCC_WARN_UNINITIALIZED_AUTOS = YES_AGGRESSIVE;
				GCC_WARN_UNUSED_FUNCTION = YES;
				GCC_WARN_UNUSED_VARIABLE = YES;
				IPHONEOS_DEPLOYMENT_TARGET = 8.2;
				MTL_ENABLE_DEBUG_INFO = NO;
				SDKROOT = iphoneos;
				TARGETED_DEVICE_FAMILY = "1,2";
				VALIDATE_PRODUCT = YES;
			};
			name = Release;
		};
		16DD0CFB1AB47D7A00B6139D /* Debug */ = {
			isa = XCBuildConfiguration;
			buildSettings = {
				ASSETCATALOG_COMPILER_APPICON_NAME = AppIcon;
				INFOPLIST_FILE = Quiz/Info.plist;
				LD_RUNPATH_SEARCH_PATHS = "$(inherited) @executable_path/Frameworks";
				PRODUCT_NAME = "$(TARGET_NAME)";
			};
			name = Debug;
		};
		16DD0CFC1AB47D7A00B6139D /* Release */ = {
			isa = XCBuildConfiguration;
			buildSettings = {
				ASSETCATALOG_COMPILER_APPICON_NAME = AppIcon;
				INFOPLIST_FILE = Quiz/Info.plist;
				LD_RUNPATH_SEARCH_PATHS = "$(inherited) @executable_path/Frameworks";
				PRODUCT_NAME = "$(TARGET_NAME)";
			};
			name = Release;
		};
		16DD0CFE1AB47D7A00B6139D /* Debug */ = {
			isa = XCBuildConfiguration;
			buildSettings = {
				BUNDLE_LOADER = "$(TEST_HOST)";
				CODE_SIGN_IDENTITY = "iPhone Developer";
				"CODE_SIGN_IDENTITY[sdk=iphoneos*]" = "iPhone Developer";
				FRAMEWORK_SEARCH_PATHS = (
					"$(SDKROOT)/Developer/Library/Frameworks",
					"$(inherited)",
				);
				GCC_PREPROCESSOR_DEFINITIONS = (
					"DEBUG=1",
					"$(inherited)",
				);
				INFOPLIST_FILE = QuizTests/Info.plist;
				LD_RUNPATH_SEARCH_PATHS = "$(inherited) @executable_path/Frameworks @loader_path/Frameworks";
				PRODUCT_NAME = "$(TARGET_NAME)";
				PROVISIONING_PROFILE = "";
				TEST_HOST = "$(BUILT_PRODUCTS_DIR)/Quiz.app/Quiz";
			};
			name = Debug;
		};
		16DD0CFF1AB47D7A00B6139D /* Release */ = {
			isa = XCBuildConfiguration;
			buildSettings = {
				BUNDLE_LOADER = "$(TEST_HOST)";
				CODE_SIGN_IDENTITY = "iPhone Developer";
				"CODE_SIGN_IDENTITY[sdk=iphoneos*]" = "iPhone Developer";
				FRAMEWORK_SEARCH_PATHS = (
					"$(SDKROOT)/Developer/Library/Frameworks",
					"$(inherited)",
				);
				INFOPLIST_FILE = QuizTests/Info.plist;
				LD_RUNPATH_SEARCH_PATHS = "$(inherited) @executable_path/Frameworks @loader_path/Frameworks";
				PRODUCT_NAME = "$(TARGET_NAME)";
				PROVISIONING_PROFILE = "";
				TEST_HOST = "$(BUILT_PRODUCTS_DIR)/Quiz.app/Quiz";
			};
			name = Release;
		};
/* End XCBuildConfiguration section */

/* Begin XCConfigurationList section */
		16DD0CD21AB47D7A00B6139D /* Build configuration list for PBXProject "Quiz" */ = {
			isa = XCConfigurationList;
			buildConfigurations = (
				16DD0CF81AB47D7A00B6139D /* Debug */,
				16DD0CF91AB47D7A00B6139D /* Release */,
			);
			defaultConfigurationIsVisible = 0;
			defaultConfigurationName = Release;
		};
		16DD0CFA1AB47D7A00B6139D /* Build configuration list for PBXNativeTarget "Quiz" */ = {
			isa = XCConfigurationList;
			buildConfigurations = (
				16DD0CFB1AB47D7A00B6139D /* Debug */,
				16DD0CFC1AB47D7A00B6139D /* Release */,
			);
			defaultConfigurationIsVisible = 0;
			defaultConfigurationName = Release;
		};
		16DD0CFD1AB47D7A00B6139D /* Build configuration list for PBXNativeTarget "QuizTests" */ = {
			isa = XCConfigurationList;
			buildConfigurations = (
				16DD0CFE1AB47D7A00B6139D /* Debug */,
				16DD0CFF1AB47D7A00B6139D /* Release */,
			);
			defaultConfigurationIsVisible = 0;
			defaultConfigurationName = Release;
		};
/* End XCConfigurationList section */
	};
	rootObject = 16DD0CCF1AB47D7A00B6139D /* Project object */;
}
